// !$*UTF8*$!
{
	archiveVersion = 1;
	classes = {
	};
	objectVersion = 50;
	objects = {

/* Begin PBXBuildFile section */
		C84346702477006100EB6699 /* AppDelegate.swift in Sources */ = {isa = PBXBuildFile; fileRef = C843466F2477006100EB6699 /* AppDelegate.swift */; };
		C84346722477006100EB6699 /* SceneDelegate.swift in Sources */ = {isa = PBXBuildFile; fileRef = C84346712477006100EB6699 /* SceneDelegate.swift */; };
		C84346742477006100EB6699 /* ContentView.swift in Sources */ = {isa = PBXBuildFile; fileRef = C84346732477006100EB6699 /* ContentView.swift */; };
		C84346762477006300EB6699 /* Assets.xcassets in Resources */ = {isa = PBXBuildFile; fileRef = C84346752477006300EB6699 /* Assets.xcassets */; };
		C84346792477006300EB6699 /* Preview Assets.xcassets in Resources */ = {isa = PBXBuildFile; fileRef = C84346782477006300EB6699 /* Preview Assets.xcassets */; };
		C843467C2477006300EB6699 /* LaunchScreen.storyboard in Resources */ = {isa = PBXBuildFile; fileRef = C843467A2477006300EB6699 /* LaunchScreen.storyboard */; };
		C84346852477039800EB6699 /* math.json in Resources */ = {isa = PBXBuildFile; fileRef = C84346832477039800EB6699 /* math.json */; };
		C84346862477039800EB6699 /* capitals.json in Resources */ = {isa = PBXBuildFile; fileRef = C84346842477039800EB6699 /* capitals.json */; };
/* End PBXBuildFile section */

/* Begin PBXFileReference section */
		C843466C2477006100EB6699 /* Pairs SwiftUI.app */ = {isa = PBXFileReference; explicitFileType = wrapper.application; includeInIndex = 0; path = "Pairs SwiftUI.app"; sourceTree = BUILT_PRODUCTS_DIR; };
		C843466F2477006100EB6699 /* AppDelegate.swift */ = {isa = PBXFileReference; lastKnownFileType = sourcecode.swift; path = AppDelegate.swift; sourceTree = "<group>"; };
		C84346712477006100EB6699 /* SceneDelegate.swift */ = {isa = PBXFileReference; lastKnownFileType = sourcecode.swift; path = SceneDelegate.swift; sourceTree = "<group>"; };
		C84346732477006100EB6699 /* ContentView.swift */ = {isa = PBXFileReference; lastKnownFileType = sourcecode.swift; path = ContentView.swift; sourceTree = "<group>"; };
		C84346752477006300EB6699 /* Assets.xcassets */ = {isa = PBXFileReference; lastKnownFileType = folder.assetcatalog; path = Assets.xcassets; sourceTree = "<group>"; };
		C84346782477006300EB6699 /* Preview Assets.xcassets */ = {isa = PBXFileReference; lastKnownFileType = folder.assetcatalog; path = "Preview Assets.xcassets"; sourceTree = "<group>"; };
		C843467B2477006300EB6699 /* Base */ = {isa = PBXFileReference; lastKnownFileType = file.storyboard; name = Base; path = Base.lproj/LaunchScreen.storyboard; sourceTree = "<group>"; };
		C843467D2477006300EB6699 /* Info.plist */ = {isa = PBXFileReference; lastKnownFileType = text.plist.xml; path = Info.plist; sourceTree = "<group>"; };
		C84346832477039800EB6699 /* math.json */ = {isa = PBXFileReference; fileEncoding = 4; lastKnownFileType = text.json; path = math.json; sourceTree = "<group>"; };
		C84346842477039800EB6699 /* capitals.json */ = {isa = PBXFileReference; fileEncoding = 4; lastKnownFileType = text.json; path = capitals.json; sourceTree = "<group>"; };
/* End PBXFileReference section */

/* Begin PBXFrameworksBuildPhase section */
		C84346692477006100EB6699 /* Frameworks */ = {
			isa = PBXFrameworksBuildPhase;
			buildActionMask = 2147483647;
			files = (
			);
			runOnlyForDeploymentPostprocessing = 0;
		};
/* End PBXFrameworksBuildPhase section */

/* Begin PBXGroup section */
		C84346632477006100EB6699 = {
			isa = PBXGroup;
			children = (
				C843466E2477006100EB6699 /* Pairs SwiftUI */,
				C843466D2477006100EB6699 /* Products */,
			);
			sourceTree = "<group>";
		};
		C843466D2477006100EB6699 /* Products */ = {
			isa = PBXGroup;
			children = (
				C843466C2477006100EB6699 /* Pairs SwiftUI.app */,
			);
			name = Products;
			sourceTree = "<group>";
		};
		C843466E2477006100EB6699 /* Pairs SwiftUI */ = {
			isa = PBXGroup;
			children = (
				C843466F2477006100EB6699 /* AppDelegate.swift */,
				C84346712477006100EB6699 /* SceneDelegate.swift */,
				C84346732477006100EB6699 /* ContentView.swift */,
				C84346842477039800EB6699 /* capitals.json */,
				C84346832477039800EB6699 /* math.json */,
				C84346752477006300EB6699 /* Assets.xcassets */,
				C843467A2477006300EB6699 /* LaunchScreen.storyboard */,
				C843467D2477006300EB6699 /* Info.plist */,
				C84346772477006300EB6699 /* Preview Content */,
			);
			path = "Pairs SwiftUI";
			sourceTree = "<group>";
		};
		C84346772477006300EB6699 /* Preview Content */ = {
			isa = PBXGroup;
			children = (
				C84346782477006300EB6699 /* Preview Assets.xcassets */,
			);
			path = "Preview Content";
			sourceTree = "<group>";
		};
/* End PBXGroup section */

/* Begin PBXNativeTarget section */
		C843466B2477006100EB6699 /* Pairs SwiftUI */ = {
			isa = PBXNativeTarget;
			buildConfigurationList = C84346802477006300EB6699 /* Build configuration list for PBXNativeTarget "Pairs SwiftUI" */;
			buildPhases = (
				C84346682477006100EB6699 /* Sources */,
				C84346692477006100EB6699 /* Frameworks */,
				C843466A2477006100EB6699 /* Resources */,
			);
			buildRules = (
			);
			dependencies = (
			);
			name = "Pairs SwiftUI";
			productName = "Pairs SwiftUI";
			productReference = C843466C2477006100EB6699 /* Pairs SwiftUI.app */;
			productType = "com.apple.product-type.application";
		};
/* End PBXNativeTarget section */

/* Begin PBXProject section */
		C84346642477006100EB6699 /* Project object */ = {
			isa = PBXProject;
			attributes = {
				LastSwiftUpdateCheck = 1150;
				LastUpgradeCheck = 1150;
				ORGANIZATIONNAME = "Sterling Mortensen";
				TargetAttributes = {
					C843466B2477006100EB6699 = {
						CreatedOnToolsVersion = 11.5;
					};
				};
			};
			buildConfigurationList = C84346672477006100EB6699 /* Build configuration list for PBXProject "Pairs SwiftUI" */;
			compatibilityVersion = "Xcode 9.3";
			developmentRegion = en;
			hasScannedForEncodings = 0;
			knownRegions = (
				en,
				Base,
			);
			mainGroup = C84346632477006100EB6699;
			productRefGroup = C843466D2477006100EB6699 /* Products */;
			projectDirPath = "";
			projectRoot = "";
			targets = (
				C843466B2477006100EB6699 /* Pairs SwiftUI */,
			);
		};
/* End PBXProject section */

/* Begin PBXResourcesBuildPhase section */
		C843466A2477006100EB6699 /* Resources */ = {
			isa = PBXResourcesBuildPhase;
			buildActionMask = 2147483647;
			files = (
				C843467C2477006300EB6699 /* LaunchScreen.storyboard in Resources */,
				C84346792477006300EB6699 /* Preview Assets.xcassets in Resources */,
				C84346862477039800EB6699 /* capitals.json in Resources */,
				C84346762477006300EB6699 /* Assets.xcassets in Resources */,
				C84346852477039800EB6699 /* math.json in Resources */,
			);
			runOnlyForDeploymentPostprocessing = 0;
		};
/* End PBXResourcesBuildPhase section */

/* Begin PBXSourcesBuildPhase section */
		C84346682477006100EB6699 /* Sources */ = {
			isa = PBXSourcesBuildPhase;
			buildActionMask = 2147483647;
			files = (
				C84346702477006100EB6699 /* AppDelegate.swift in Sources */,
				C84346722477006100EB6699 /* SceneDelegate.swift in Sources */,
				C84346742477006100EB6699 /* ContentView.swift in Sources */,
			);
			runOnlyForDeploymentPostprocessing = 0;
		};
/* End PBXSourcesBuildPhase section */

/* Begin PBXVariantGroup section */
		C843467A2477006300EB6699 /* LaunchScreen.storyboard */ = {
			isa = PBXVariantGroup;
			children = (
				C843467B2477006300EB6699 /* Base */,
			);
			name = LaunchScreen.storyboard;
			sourceTree = "<group>";
		};
/* End PBXVariantGroup section */

/* Begin XCBuildConfiguration section */
		C843467E2477006300EB6699 /* Debug */ = {
			isa = XCBuildConfiguration;
			buildSettings = {
				ALWAYS_SEARCH_USER_PATHS = NO;
				CLANG_ANALYZER_NONNULL = YES;
				CLANG_ANALYZER_NUMBER_OBJECT_CONVERSION = YES_AGGRESSIVE;
				CLANG_CXX_LANGUAGE_STANDARD = "gnu++14";
				CLANG_CXX_LIBRARY = "libc++";
				CLANG_ENABLE_MODULES = YES;
				CLANG_ENABLE_OBJC_ARC = YES;
				CLANG_ENABLE_OBJC_WEAK = YES;
				CLANG_WARN_BLOCK_CAPTURE_AUTORELEASING = YES;
				CLANG_WARN_BOOL_CONVERSION = YES;
				CLANG_WARN_COMMA = YES;
				CLANG_WARN_CONSTANT_CONVERSION = YES;
				CLANG_WARN_DEPRECATED_OBJC_IMPLEMENTATIONS = YES;
				CLANG_WARN_DIRECT_OBJC_ISA_USAGE = YES_ERROR;
				CLANG_WARN_DOCUMENTATION_COMMENTS = YES;
				CLANG_WARN_EMPTY_BODY = YES;
				CLANG_WARN_ENUM_CONVERSION = YES;
				CLANG_WARN_INFINITE_RECURSION = YES;
				CLANG_WARN_INT_CONVERSION = YES;
				CLANG_WARN_NON_LITERAL_NULL_CONVERSION = YES;
				CLANG_WARN_OBJC_IMPLICIT_RETAIN_SELF = YES;
				CLANG_WARN_OBJC_LITERAL_CONVERSION = YES;
				CLANG_WARN_OBJC_ROOT_CLASS = YES_ERROR;
				CLANG_WARN_RANGE_LOOP_ANALYSIS = YES;
				CLANG_WARN_STRICT_PROTOTYPES = YES;
				CLANG_WARN_SUSPICIOUS_MOVE = YES;
				CLANG_WARN_UNGUARDED_AVAILABILITY = YES_AGGRESSIVE;
				CLANG_WARN_UNREACHABLE_CODE = YES;
				CLANG_WARN__DUPLICATE_METHOD_MATCH = YES;
				COPY_PHASE_STRIP = NO;
				DEBUG_INFORMATION_FORMAT = dwarf;
				ENABLE_STRICT_OBJC_MSGSEND = YES;
				ENABLE_TESTABILITY = YES;
				GCC_C_LANGUAGE_STANDARD = gnu11;
				GCC_DYNAMIC_NO_PIC = NO;
				GCC_NO_COMMON_BLOCKS = YES;
				GCC_OPTIMIZATION_LEVEL = 0;
				GCC_PREPROCESSOR_DEFINITIONS = (
					"DEBUG=1",
					"$(inherited)",
				);
				GCC_WARN_64_TO_32_BIT_CONVERSION = YES;
				GCC_WARN_ABOUT_RETURN_TYPE = YES_ERROR;
				GCC_WARN_UNDECLARED_SELECTOR = YES;
				GCC_WARN_UNINITIALIZED_AUTOS = YES_AGGRESSIVE;
				GCC_WARN_UNUSED_FUNCTION = YES;
				GCC_WARN_UNUSED_VARIABLE = YES;
				IPHONEOS_DEPLOYMENT_TARGET = 13.5;
				MTL_ENABLE_DEBUG_INFO = INCLUDE_SOURCE;
				MTL_FAST_MATH = YES;
				ONLY_ACTIVE_ARCH = YES;
				SDKROOT = iphoneos;
				SWIFT_ACTIVE_COMPILATION_CONDITIONS = DEBUG;
				SWIFT_OPTIMIZATION_LEVEL = "-Onone";
			};
			name = Debug;
		};
		C843467F2477006300EB6699 /* Release */ = {
			isa = XCBuildConfiguration;
			buildSettings = {
				ALWAYS_SEARCH_USER_PATHS = NO;
				CLANG_ANALYZER_NONNULL = YES;
				CLANG_ANALYZER_NUMBER_OBJECT_CONVERSION = YES_AGGRESSIVE;
				CLANG_CXX_LANGUAGE_STANDARD = "gnu++14";
				CLANG_CXX_LIBRARY = "libc++";
				CLANG_ENABLE_MODULES = YES;
				CLANG_ENABLE_OBJC_ARC = YES;
				CLANG_ENABLE_OBJC_WEAK = YES;
				CLANG_WARN_BLOCK_CAPTURE_AUTORELEASING = YES;
				CLANG_WARN_BOOL_CONVERSION = YES;
				CLANG_WARN_COMMA = YES;
				CLANG_WARN_CONSTANT_CONVERSION = YES;
				CLANG_WARN_DEPRECATED_OBJC_IMPLEMENTATIONS = YES;
				CLANG_WARN_DIRECT_OBJC_ISA_USAGE = YES_ERROR;
				CLANG_WARN_DOCUMENTATION_COMMENTS = YES;
				CLANG_WARN_EMPTY_BODY = YES;
				CLANG_WARN_ENUM_CONVERSION = YES;
				CLANG_WARN_INFINITE_RECURSION = YES;
				CLANG_WARN_INT_CONVERSION = YES;
				CLANG_WARN_NON_LITERAL_NULL_CONVERSION = YES;
				CLANG_WARN_OBJC_IMPLICIT_RETAIN_SELF = YES;
				CLANG_WARN_OBJC_LITERAL_CONVERSION = YES;
				CLANG_WARN_OBJC_ROOT_CLASS = YES_ERROR;
				CLANG_WARN_RANGE_LOOP_ANALYSIS = YES;
				CLANG_WARN_STRICT_PROTOTYPES = YES;
				CLANG_WARN_SUSPICIOUS_MOVE = YES;
				CLANG_WARN_UNGUARDED_AVAILABILITY = YES_AGGRESSIVE;
				CLANG_WARN_UNREACHABLE_CODE = YES;
				CLANG_WARN__DUPLICATE_METHOD_MATCH = YES;
				COPY_PHASE_STRIP = NO;
				DEBUG_INFORMATION_FORMAT = "dwarf-with-dsym";
				ENABLE_NS_ASSERTIONS = NO;
				ENABLE_STRICT_OBJC_MSGSEND = YES;
				GCC_C_LANGUAGE_STANDARD = gnu11;
				GCC_NO_COMMON_BLOCKS = YES;
				GCC_WARN_64_TO_32_BIT_CONVERSION = YES;
				GCC_WARN_ABOUT_RETURN_TYPE = YES_ERROR;
				GCC_WARN_UNDECLARED_SELECTOR = YES;
				GCC_WARN_UNINITIALIZED_AUTOS = YES_AGGRESSIVE;
				GCC_WARN_UNUSED_FUNCTION = YES;
				GCC_WARN_UNUSED_VARIABLE = YES;
				IPHONEOS_DEPLOYMENT_TARGET = 13.5;
				MTL_ENABLE_DEBUG_INFO = NO;
				MTL_FAST_MATH = YES;
				SDKROOT = iphoneos;
				SWIFT_COMPILATION_MODE = wholemodule;
				SWIFT_OPTIMIZATION_LEVEL = "-O";
				VALIDATE_PRODUCT = YES;
			};
			name = Release;
		};
		C84346812477006300EB6699 /* Debug */ = {
			isa = XCBuildConfiguration;
			buildSettings = {
				ASSETCATALOG_COMPILER_APPICON_NAME = AppIcon;
				CODE_SIGN_STYLE = Automatic;
				DEVELOPMENT_ASSET_PATHS = "\"Pairs SwiftUI/Preview Content\"";
				DEVELOPMENT_TEAM = 5H73PY6T7Z;
				ENABLE_PREVIEWS = YES;
				INFOPLIST_FILE = "Pairs SwiftUI/Info.plist";
				LD_RUNPATH_SEARCH_PATHS = (
					"$(inherited)",
					"@executable_path/Frameworks",
				);
				PRODUCT_BUNDLE_IDENTIFIER = "com.GitSwifty.Pairs-SwiftUI";
				PRODUCT_NAME = "$(TARGET_NAME)";
				SWIFT_VERSION = 5.0;
				TARGETED_DEVICE_FAMILY = "1,2";
			};
			name = Debug;
		};
		C84346822477006300EB6699 /* Release */ = {
			isa = XCBuildConfiguration;
			buildSettings = {
				ASSETCATALOG_COMPILER_APPICON_NAME = AppIcon;
				CODE_SIGN_STYLE = Automatic;
				DEVELOPMENT_ASSET_PATHS = "\"Pairs SwiftUI/Preview Content\"";
				DEVELOPMENT_TEAM = 5H73PY6T7Z;
				ENABLE_PREVIEWS = YES;
				INFOPLIST_FILE = "Pairs SwiftUI/Info.plist";
				LD_RUNPATH_SEARCH_PATHS = (
					"$(inherited)",
					"@executable_path/Frameworks",
				);
				PRODUCT_BUNDLE_IDENTIFIER = "com.GitSwifty.Pairs-SwiftUI";
				PRODUCT_NAME = "$(TARGET_NAME)";
				SWIFT_VERSION = 5.0;
				TARGETED_DEVICE_FAMILY = "1,2";
			};
			name = Release;
		};
/* End XCBuildConfiguration section */

/* Begin XCConfigurationList section */
		C84346672477006100EB6699 /* Build configuration list for PBXProject "Pairs SwiftUI" */ = {
			isa = XCConfigurationList;
			buildConfigurations = (
				C843467E2477006300EB6699 /* Debug */,
				C843467F2477006300EB6699 /* Release */,
			);
			defaultConfigurationIsVisible = 0;
			defaultConfigurationName = Release;
		};
		C84346802477006300EB6699 /* Build configuration list for PBXNativeTarget "Pairs SwiftUI" */ = {
			isa = XCConfigurationList;
			buildConfigurations = (
				C84346812477006300EB6699 /* Debug */,
				C84346822477006300EB6699 /* Release */,
			);
			defaultConfigurationIsVisible = 0;
			defaultConfigurationName = Release;
		};
/* End XCConfigurationList section */
	};
	rootObject = C84346642477006100EB6699 /* Project object */;
}
